// !$*UTF8*$!
{
	archiveVersion = 1;
	classes = {
	};
	objectVersion = 56;
	objects = {

/* Begin PBXBuildFile section */
		27A6B10A2A4672F9002FCB2C /* PathView.swift in Sources */ = {isa = PBXBuildFile; fileRef = 27A6B1092A4672F9002FCB2C /* PathView.swift */; };
		27A6B10C2A467BFF002FCB2C /* ProcessModel.swift in Sources */ = {isa = PBXBuildFile; fileRef = 27A6B10B2A467BFF002FCB2C /* ProcessModel.swift */; };
		27A6B10E2A467C9F002FCB2C /* InspectorView.swift in Sources */ = {isa = PBXBuildFile; fileRef = 27A6B10D2A467C9F002FCB2C /* InspectorView.swift */; };
		27A6B1102A467CBB002FCB2C /* Utils.swift in Sources */ = {isa = PBXBuildFile; fileRef = 27A6B10F2A467CBB002FCB2C /* Utils.swift */; };
		27A6B1122A467CDF002FCB2C /* Model.swift in Sources */ = {isa = PBXBuildFile; fileRef = 27A6B1112A467CDF002FCB2C /* Model.swift */; };
		27A6B1142A467D03002FCB2C /* ElementView.swift in Sources */ = {isa = PBXBuildFile; fileRef = 27A6B1132A467D03002FCB2C /* ElementView.swift */; };
		27A6B1162A468332002FCB2C /* README.md in Resources */ = {isa = PBXBuildFile; fileRef = 27A6B1152A468332002FCB2C /* README.md */; };
		27B9E49C2A4606FB00E5EEAF /* PeepingTomApp.swift in Sources */ = {isa = PBXBuildFile; fileRef = 27B9E49B2A4606FB00E5EEAF /* PeepingTomApp.swift */; };
		27B9E4A02A4606FC00E5EEAF /* Assets.xcassets in Resources */ = {isa = PBXBuildFile; fileRef = 27B9E49F2A4606FC00E5EEAF /* Assets.xcassets */; };
		27B9E4A32A4606FC00E5EEAF /* Preview Assets.xcassets in Resources */ = {isa = PBXBuildFile; fileRef = 27B9E4A22A4606FC00E5EEAF /* Preview Assets.xcassets */; };
		27B9E4AB2A46072A00E5EEAF /* AXUIElement_Utils.swift in Sources */ = {isa = PBXBuildFile; fileRef = 27B9E4AA2A46072A00E5EEAF /* AXUIElement_Utils.swift */; };
		27B9E4AD2A460E8300E5EEAF /* AccessibilityMonitor.swift in Sources */ = {isa = PBXBuildFile; fileRef = 27B9E4AC2A460E8300E5EEAF /* AccessibilityMonitor.swift */; };
/* End PBXBuildFile section */

/* Begin PBXFileReference section */
		27A6B1092A4672F9002FCB2C /* PathView.swift */ = {isa = PBXFileReference; lastKnownFileType = sourcecode.swift; path = PathView.swift; sourceTree = "<group>"; };
		27A6B10B2A467BFF002FCB2C /* ProcessModel.swift */ = {isa = PBXFileReference; lastKnownFileType = sourcecode.swift; path = ProcessModel.swift; sourceTree = "<group>"; };
		27A6B10D2A467C9F002FCB2C /* InspectorView.swift */ = {isa = PBXFileReference; lastKnownFileType = sourcecode.swift; path = InspectorView.swift; sourceTree = "<group>"; };
		27A6B10F2A467CBB002FCB2C /* Utils.swift */ = {isa = PBXFileReference; lastKnownFileType = sourcecode.swift; path = Utils.swift; sourceTree = "<group>"; };
		27A6B1112A467CDF002FCB2C /* Model.swift */ = {isa = PBXFileReference; lastKnownFileType = sourcecode.swift; path = Model.swift; sourceTree = "<group>"; };
		27A6B1132A467D03002FCB2C /* ElementView.swift */ = {isa = PBXFileReference; lastKnownFileType = sourcecode.swift; path = ElementView.swift; sourceTree = "<group>"; };
		27A6B1152A468332002FCB2C /* README.md */ = {isa = PBXFileReference; fileEncoding = 4; lastKnownFileType = net.daringfireball.markdown; path = README.md; sourceTree = "<group>"; };
		27B9E4982A4606FB00E5EEAF /* PeepingTom.app */ = {isa = PBXFileReference; explicitFileType = wrapper.application; includeInIndex = 0; path = PeepingTom.app; sourceTree = BUILT_PRODUCTS_DIR; };
		27B9E49B2A4606FB00E5EEAF /* PeepingTomApp.swift */ = {isa = PBXFileReference; lastKnownFileType = sourcecode.swift; path = PeepingTomApp.swift; sourceTree = "<group>"; };
		27B9E49F2A4606FC00E5EEAF /* Assets.xcassets */ = {isa = PBXFileReference; lastKnownFileType = folder.assetcatalog; path = Assets.xcassets; sourceTree = "<group>"; };
		27B9E4A22A4606FC00E5EEAF /* Preview Assets.xcassets */ = {isa = PBXFileReference; lastKnownFileType = folder.assetcatalog; path = "Preview Assets.xcassets"; sourceTree = "<group>"; };
		27B9E4A42A4606FC00E5EEAF /* PeepingTom.entitlements */ = {isa = PBXFileReference; lastKnownFileType = text.plist.entitlements; path = PeepingTom.entitlements; sourceTree = "<group>"; };
		27B9E4AA2A46072A00E5EEAF /* AXUIElement_Utils.swift */ = {isa = PBXFileReference; fileEncoding = 4; lastKnownFileType = sourcecode.swift; path = AXUIElement_Utils.swift; sourceTree = "<group>"; };
		27B9E4AC2A460E8300E5EEAF /* AccessibilityMonitor.swift */ = {isa = PBXFileReference; lastKnownFileType = sourcecode.swift; path = AccessibilityMonitor.swift; sourceTree = "<group>"; };
/* End PBXFileReference section */

/* Begin PBXFrameworksBuildPhase section */
		27B9E4952A4606FB00E5EEAF /* Frameworks */ = {
			isa = PBXFrameworksBuildPhase;
			buildActionMask = 2147483647;
			files = (
			);
			runOnlyForDeploymentPostprocessing = 0;
		};
/* End PBXFrameworksBuildPhase section */

/* Begin PBXGroup section */
		27B9E48F2A4606FB00E5EEAF = {
			isa = PBXGroup;
			children = (
				27A6B1152A468332002FCB2C /* README.md */,
				27B9E49A2A4606FB00E5EEAF /* PeepingTom */,
				27B9E4992A4606FB00E5EEAF /* Products */,
			);
			sourceTree = "<group>";
		};
		27B9E4992A4606FB00E5EEAF /* Products */ = {
			isa = PBXGroup;
			children = (
				27B9E4982A4606FB00E5EEAF /* PeepingTom.app */,
			);
			name = Products;
			sourceTree = "<group>";
		};
		27B9E49A2A4606FB00E5EEAF /* PeepingTom */ = {
			isa = PBXGroup;
			children = (
				27B9E49B2A4606FB00E5EEAF /* PeepingTomApp.swift */,
				27A6B1132A467D03002FCB2C /* ElementView.swift */,
				27A6B10D2A467C9F002FCB2C /* InspectorView.swift */,
				27A6B1092A4672F9002FCB2C /* PathView.swift */,
				27B9E4AA2A46072A00E5EEAF /* AXUIElement_Utils.swift */,
				27B9E4AC2A460E8300E5EEAF /* AccessibilityMonitor.swift */,
				27A6B10B2A467BFF002FCB2C /* ProcessModel.swift */,
				27A6B1112A467CDF002FCB2C /* Model.swift */,
				27A6B10F2A467CBB002FCB2C /* Utils.swift */,
				27B9E49F2A4606FC00E5EEAF /* Assets.xcassets */,
				27B9E4A42A4606FC00E5EEAF /* PeepingTom.entitlements */,
				27B9E4A12A4606FC00E5EEAF /* Preview Content */,
			);
			path = PeepingTom;
			sourceTree = "<group>";
		};
		27B9E4A12A4606FC00E5EEAF /* Preview Content */ = {
			isa = PBXGroup;
			children = (
				27B9E4A22A4606FC00E5EEAF /* Preview Assets.xcassets */,
			);
			path = "Preview Content";
			sourceTree = "<group>";
		};
/* End PBXGroup section */

/* Begin PBXNativeTarget section */
		27B9E4972A4606FB00E5EEAF /* PeepingTom */ = {
			isa = PBXNativeTarget;
			buildConfigurationList = 27B9E4A72A4606FC00E5EEAF /* Build configuration list for PBXNativeTarget "PeepingTom" */;
			buildPhases = (
				27B9E4942A4606FB00E5EEAF /* Sources */,
				27B9E4952A4606FB00E5EEAF /* Frameworks */,
				27B9E4962A4606FB00E5EEAF /* Resources */,
			);
			buildRules = (
			);
			dependencies = (
			);
			name = PeepingTom;
			productName = "Inspector Morse";
			productReference = 27B9E4982A4606FB00E5EEAF /* PeepingTom.app */;
			productType = "com.apple.product-type.application";
		};
/* End PBXNativeTarget section */

/* Begin PBXProject section */
		27B9E4902A4606FB00E5EEAF /* Project object */ = {
			isa = PBXProject;
			attributes = {
				BuildIndependentTargetsInParallel = 1;
				LastSwiftUpdateCheck = 1430;
				LastUpgradeCheck = 1430;
				TargetAttributes = {
					27B9E4972A4606FB00E5EEAF = {
						CreatedOnToolsVersion = 14.3.1;
						LastSwiftMigration = 1430;
					};
				};
			};
			buildConfigurationList = 27B9E4932A4606FB00E5EEAF /* Build configuration list for PBXProject "PeepingTom" */;
			compatibilityVersion = "Xcode 14.0";
			developmentRegion = en;
			hasScannedForEncodings = 0;
			knownRegions = (
				en,
				Base,
			);
			mainGroup = 27B9E48F2A4606FB00E5EEAF;
			productRefGroup = 27B9E4992A4606FB00E5EEAF /* Products */;
			projectDirPath = "";
			projectRoot = "";
			targets = (
				27B9E4972A4606FB00E5EEAF /* PeepingTom */,
			);
		};
/* End PBXProject section */

/* Begin PBXResourcesBuildPhase section */
		27B9E4962A4606FB00E5EEAF /* Resources */ = {
			isa = PBXResourcesBuildPhase;
			buildActionMask = 2147483647;
			files = (
				27A6B1162A468332002FCB2C /* README.md in Resources */,
				27B9E4A32A4606FC00E5EEAF /* Preview Assets.xcassets in Resources */,
				27B9E4A02A4606FC00E5EEAF /* Assets.xcassets in Resources */,
			);
			runOnlyForDeploymentPostprocessing = 0;
		};
/* End PBXResourcesBuildPhase section */

/* Begin PBXSourcesBuildPhase section */
		27B9E4942A4606FB00E5EEAF /* Sources */ = {
			isa = PBXSourcesBuildPhase;
			buildActionMask = 2147483647;
			files = (
				27A6B1122A467CDF002FCB2C /* Model.swift in Sources */,
				27A6B10A2A4672F9002FCB2C /* PathView.swift in Sources */,
				27B9E4AB2A46072A00E5EEAF /* AXUIElement_Utils.swift in Sources */,
				27B9E4AD2A460E8300E5EEAF /* AccessibilityMonitor.swift in Sources */,
				27A6B10E2A467C9F002FCB2C /* InspectorView.swift in Sources */,
				27B9E49C2A4606FB00E5EEAF /* PeepingTomApp.swift in Sources */,
				27A6B10C2A467BFF002FCB2C /* ProcessModel.swift in Sources */,
				27A6B1102A467CBB002FCB2C /* Utils.swift in Sources */,
				27A6B1142A467D03002FCB2C /* ElementView.swift in Sources */,
			);
			runOnlyForDeploymentPostprocessing = 0;
		};
/* End PBXSourcesBuildPhase section */

/* Begin XCBuildConfiguration section */
		27B9E4A52A4606FC00E5EEAF /* Debug */ = {
			isa = XCBuildConfiguration;
			buildSettings = {
				ALWAYS_SEARCH_USER_PATHS = NO;
				CLANG_ANALYZER_NONNULL = YES;
				CLANG_ANALYZER_NUMBER_OBJECT_CONVERSION = YES_AGGRESSIVE;
				CLANG_CXX_LANGUAGE_STANDARD = "gnu++20";
				CLANG_ENABLE_MODULES = YES;
				CLANG_ENABLE_OBJC_ARC = YES;
				CLANG_ENABLE_OBJC_WEAK = YES;
				CLANG_WARN_BLOCK_CAPTURE_AUTORELEASING = YES;
				CLANG_WARN_BOOL_CONVERSION = YES;
				CLANG_WARN_COMMA = YES;
				CLANG_WARN_CONSTANT_CONVERSION = YES;
				CLANG_WARN_DEPRECATED_OBJC_IMPLEMENTATIONS = YES;
				CLANG_WARN_DIRECT_OBJC_ISA_USAGE = YES_ERROR;
				CLANG_WARN_DOCUMENTATION_COMMENTS = YES;
				CLANG_WARN_EMPTY_BODY = YES;
				CLANG_WARN_ENUM_CONVERSION = YES;
				CLANG_WARN_INFINITE_RECURSION = YES;
				CLANG_WARN_INT_CONVERSION = YES;
				CLANG_WARN_NON_LITERAL_NULL_CONVERSION = YES;
				CLANG_WARN_OBJC_IMPLICIT_RETAIN_SELF = YES;
				CLANG_WARN_OBJC_LITERAL_CONVERSION = YES;
				CLANG_WARN_OBJC_ROOT_CLASS = YES_ERROR;
				CLANG_WARN_QUOTED_INCLUDE_IN_FRAMEWORK_HEADER = YES;
				CLANG_WARN_RANGE_LOOP_ANALYSIS = YES;
				CLANG_WARN_STRICT_PROTOTYPES = YES;
				CLANG_WARN_SUSPICIOUS_MOVE = YES;
				CLANG_WARN_UNGUARDED_AVAILABILITY = YES_AGGRESSIVE;
				CLANG_WARN_UNREACHABLE_CODE = YES;
				CLANG_WARN__DUPLICATE_METHOD_MATCH = YES;
				COPY_PHASE_STRIP = NO;
				DEBUG_INFORMATION_FORMAT = dwarf;
				ENABLE_STRICT_OBJC_MSGSEND = YES;
				ENABLE_TESTABILITY = YES;
				GCC_C_LANGUAGE_STANDARD = gnu11;
				GCC_DYNAMIC_NO_PIC = NO;
				GCC_NO_COMMON_BLOCKS = YES;
				GCC_OPTIMIZATION_LEVEL = 0;
				GCC_PREPROCESSOR_DEFINITIONS = (
					"DEBUG=1",
					"$(inherited)",
				);
				GCC_WARN_64_TO_32_BIT_CONVERSION = YES;
				GCC_WARN_ABOUT_RETURN_TYPE = YES_ERROR;
				GCC_WARN_UNDECLARED_SELECTOR = YES;
				GCC_WARN_UNINITIALIZED_AUTOS = YES_AGGRESSIVE;
				GCC_WARN_UNUSED_FUNCTION = YES;
				GCC_WARN_UNUSED_VARIABLE = YES;
				MACOSX_DEPLOYMENT_TARGET = 13.3;
				MTL_ENABLE_DEBUG_INFO = INCLUDE_SOURCE;
				MTL_FAST_MATH = YES;
				ONLY_ACTIVE_ARCH = YES;
				SDKROOT = macosx;
				SWIFT_ACTIVE_COMPILATION_CONDITIONS = DEBUG;
				SWIFT_OPTIMIZATION_LEVEL = "-Onone";
			};
			name = Debug;
		};
		27B9E4A62A4606FC00E5EEAF /* Release */ = {
			isa = XCBuildConfiguration;
			buildSettings = {
				ALWAYS_SEARCH_USER_PATHS = NO;
				CLANG_ANALYZER_NONNULL = YES;
				CLANG_ANALYZER_NUMBER_OBJECT_CONVERSION = YES_AGGRESSIVE;
				CLANG_CXX_LANGUAGE_STANDARD = "gnu++20";
				CLANG_ENABLE_MODULES = YES;
				CLANG_ENABLE_OBJC_ARC = YES;
				CLANG_ENABLE_OBJC_WEAK = YES;
				CLANG_WARN_BLOCK_CAPTURE_AUTORELEASING = YES;
				CLANG_WARN_BOOL_CONVERSION = YES;
				CLANG_WARN_COMMA = YES;
				CLANG_WARN_CONSTANT_CONVERSION = YES;
				CLANG_WARN_DEPRECATED_OBJC_IMPLEMENTATIONS = YES;
				CLANG_WARN_DIRECT_OBJC_ISA_USAGE = YES_ERROR;
				CLANG_WARN_DOCUMENTATION_COMMENTS = YES;
				CLANG_WARN_EMPTY_BODY = YES;
				CLANG_WARN_ENUM_CONVERSION = YES;
				CLANG_WARN_INFINITE_RECURSION = YES;
				CLANG_WARN_INT_CONVERSION = YES;
				CLANG_WARN_NON_LITERAL_NULL_CONVERSION = YES;
				CLANG_WARN_OBJC_IMPLICIT_RETAIN_SELF = YES;
				CLANG_WARN_OBJC_LITERAL_CONVERSION = YES;
				CLANG_WARN_OBJC_ROOT_CLASS = YES_ERROR;
				CLANG_WARN_QUOTED_INCLUDE_IN_FRAMEWORK_HEADER = YES;
				CLANG_WARN_RANGE_LOOP_ANALYSIS = YES;
				CLANG_WARN_STRICT_PROTOTYPES = YES;
				CLANG_WARN_SUSPICIOUS_MOVE = YES;
				CLANG_WARN_UNGUARDED_AVAILABILITY = YES_AGGRESSIVE;
				CLANG_WARN_UNREACHABLE_CODE = YES;
				CLANG_WARN__DUPLICATE_METHOD_MATCH = YES;
				COPY_PHASE_STRIP = NO;
				DEBUG_INFORMATION_FORMAT = "dwarf-with-dsym";
				ENABLE_NS_ASSERTIONS = NO;
				ENABLE_STRICT_OBJC_MSGSEND = YES;
				GCC_C_LANGUAGE_STANDARD = gnu11;
				GCC_NO_COMMON_BLOCKS = YES;
				GCC_WARN_64_TO_32_BIT_CONVERSION = YES;
				GCC_WARN_ABOUT_RETURN_TYPE = YES_ERROR;
				GCC_WARN_UNDECLARED_SELECTOR = YES;
				GCC_WARN_UNINITIALIZED_AUTOS = YES_AGGRESSIVE;
				GCC_WARN_UNUSED_FUNCTION = YES;
				GCC_WARN_UNUSED_VARIABLE = YES;
				MACOSX_DEPLOYMENT_TARGET = 13.3;
				MTL_ENABLE_DEBUG_INFO = NO;
				MTL_FAST_MATH = YES;
				SDKROOT = macosx;
				SWIFT_COMPILATION_MODE = wholemodule;
				SWIFT_OPTIMIZATION_LEVEL = "-O";
			};
			name = Release;
		};
		27B9E4A82A4606FC00E5EEAF /* Debug */ = {
			isa = XCBuildConfiguration;
			buildSettings = {
				ASSETCATALOG_COMPILER_APPICON_NAME = AppIcon;
				ASSETCATALOG_COMPILER_GLOBAL_ACCENT_COLOR_NAME = AccentColor;
				CLANG_ENABLE_MODULES = YES;
				CODE_SIGN_ENTITLEMENTS = PeepingTom/PeepingTom.entitlements;
				CODE_SIGN_STYLE = Automatic;
				COMBINE_HIDPI_IMAGES = YES;
				CURRENT_PROJECT_VERSION = 1;
				DEVELOPMENT_ASSET_PATHS = "\"PeepingTom/Preview Content\"";
				ENABLE_PREVIEWS = YES;
				GENERATE_INFOPLIST_FILE = YES;
				INFOPLIST_KEY_NSHumanReadableCopyright = "";
				LD_RUNPATH_SEARCH_PATHS = (
					"$(inherited)",
					"@executable_path/../Frameworks",
				);
				MACOSX_DEPLOYMENT_TARGET = 13.0;
				MARKETING_VERSION = 1.0;
				PRODUCT_BUNDLE_IDENTIFIER = endeavour42.PeepingTom;
				PRODUCT_NAME = "$(TARGET_NAME)";
				SWIFT_EMIT_LOC_STRINGS = YES;
				SWIFT_OPTIMIZATION_LEVEL = "-Onone";
				SWIFT_VERSION = 5.0;
			};
			name = Debug;
		};
		27B9E4A92A4606FC00E5EEAF /* Release */ = {
			isa = XCBuildConfiguration;
			buildSettings = {
				ASSETCATALOG_COMPILER_APPICON_NAME = AppIcon;
				ASSETCATALOG_COMPILER_GLOBAL_ACCENT_COLOR_NAME = AccentColor;
				CLANG_ENABLE_MODULES = YES;
				CODE_SIGN_ENTITLEMENTS = PeepingTom/PeepingTom.entitlements;
				CODE_SIGN_STYLE = Automatic;
				COMBINE_HIDPI_IMAGES = YES;
				CURRENT_PROJECT_VERSION = 1;
				DEVELOPMENT_ASSET_PATHS = "\"PeepingTom/Preview Content\"";
				ENABLE_PREVIEWS = YES;
				GENERATE_INFOPLIST_FILE = YES;
				INFOPLIST_KEY_NSHumanReadableCopyright = "";
				LD_RUNPATH_SEARCH_PATHS = (
					"$(inherited)",
					"@executable_path/../Frameworks",
				);
				MACOSX_DEPLOYMENT_TARGET = 13.0;
				MARKETING_VERSION = 1.0;
				PRODUCT_BUNDLE_IDENTIFIER = endeavour42.PeepingTom;
				PRODUCT_NAME = "$(TARGET_NAME)";
				SWIFT_EMIT_LOC_STRINGS = YES;
				SWIFT_VERSION = 5.0;
			};
			name = Release;
		};
/* End XCBuildConfiguration section */

/* Begin XCConfigurationList section */
		27B9E4932A4606FB00E5EEAF /* Build configuration list for PBXProject "PeepingTom" */ = {
			isa = XCConfigurationList;
			buildConfigurations = (
				27B9E4A52A4606FC00E5EEAF /* Debug */,
				27B9E4A62A4606FC00E5EEAF /* Release */,
			);
			defaultConfigurationIsVisible = 0;
			defaultConfigurationName = Release;
		};
		27B9E4A72A4606FC00E5EEAF /* Build configuration list for PBXNativeTarget "PeepingTom" */ = {
			isa = XCConfigurationList;
			buildConfigurations = (
				27B9E4A82A4606FC00E5EEAF /* Debug */,
				27B9E4A92A4606FC00E5EEAF /* Release */,
			);
			defaultConfigurationIsVisible = 0;
			defaultConfigurationName = Release;
		};
/* End XCConfigurationList section */
	};
	rootObject = 27B9E4902A4606FB00E5EEAF /* Project object */;
}
